
Microsoft Visual Studio Solution File, Format Version 12.00
# Visual Studio Version 17
VisualStudioVersion = 17.13.35825.156 d17.13
MinimumVisualStudioVersion = 10.0.40219.1
Project("{FAE04EC0-301F-11D3-BF4B-00C04F79EFBC}") = "FunkctionGraphDrawer", "FunkctionGraphDrawer\FunkctionGraphDrawer.csproj", "{E411DAE2-B474-4792-AD49-1CE1E156E142}"
EndProject
Global
	GlobalSection(SolutionConfigurationPlatforms) = preSolution
		Debug|Any CPU = Debug|Any CPU
		Release|Any CPU = Release|Any CPU
	EndGlobalSection
	GlobalSection(ProjectConfigurationPlatforms) = postSolution
		{E411DAE2-B474-4792-AD49-1CE1E156E142}.Debug|Any CPU.ActiveCfg = Debug|Any CPU
		{E411DAE2-B474-4792-AD49-1CE1E156E142}.Debug|Any CPU.Build.0 = Debug|Any CPU
		{E411DAE2-B474-4792-AD49-1CE1E156E142}.Release|Any CPU.ActiveCfg = Release|Any CPU
		{E411DAE2-B474-4792-AD49-1CE1E156E142}.Release|Any CPU.Build.0 = Release|Any CPU
	EndGlobalSection
	GlobalSection(SolutionProperties) = preSolution
		HideSolutionNode = FALSE
	EndGlobalSection
	GlobalSection(ExtensibilityGlobals) = postSolution
		SolutionGuid = {6CEFBAB5-395C-4126-8887-4F1851B13515}
	EndGlobalSection
EndGlobal
